
Microsoft Visual Studio Solution File, Format Version 12.00
# Visual Studio Version 16
VisualStudioVersion = 16.0.31624.102
MinimumVisualStudioVersion = 10.0.40219.1
Project("{FAE04EC0-301F-11D3-BF4B-00C04F79EFBC}") = "Homework_1", "Homework_1\Homework_1.csproj", "{34435E01-CC00-416F-BC58-8FBA8591DAE0}"
EndProject
Global
	GlobalSection(SolutionConfigurationPlatforms) = preSolution
		Debug|Any CPU = Debug|Any CPU
		Release|Any CPU = Release|Any CPU
	EndGlobalSection
	GlobalSection(ProjectConfigurationPlatforms) = postSolution
		{34435E01-CC00-416F-BC58-8FBA8591DAE0}.Debug|Any CPU.ActiveCfg = Debug|Any CPU
		{34435E01-CC00-416F-BC58-8FBA8591DAE0}.Debug|Any CPU.Build.0 = Debug|Any CPU
		{34435E01-CC00-416F-BC58-8FBA8591DAE0}.Release|Any CPU.ActiveCfg = Release|Any CPU
		{34435E01-CC00-416F-BC58-8FBA8591DAE0}.Release|Any CPU.Build.0 = Release|Any CPU
	EndGlobalSection
	GlobalSection(SolutionProperties) = preSolution
		HideSolutionNode = FALSE
	EndGlobalSection
	GlobalSection(ExtensibilityGlobals) = postSolution
		SolutionGuid = {93D7EDB2-0C49-41EB-8E81-115ECB74BB37}
	EndGlobalSection
EndGlobal
