
Microsoft Visual Studio Solution File, Format Version 12.00
# Visual Studio Version 16
VisualStudioVersion = 16.0.31624.102
MinimumVisualStudioVersion = 10.0.40219.1
Project("{FAE04EC0-301F-11D3-BF4B-00C04F79EFBC}") = "Homework_2", "Homework_2\Homework_2.csproj", "{7A7FA4BB-073B-4510-9BF3-F80D6A139CC0}"
EndProject
Global
	GlobalSection(SolutionConfigurationPlatforms) = preSolution
		Debug|Any CPU = Debug|Any CPU
		Release|Any CPU = Release|Any CPU
	EndGlobalSection
	GlobalSection(ProjectConfigurationPlatforms) = postSolution
		{7A7FA4BB-073B-4510-9BF3-F80D6A139CC0}.Debug|Any CPU.ActiveCfg = Debug|Any CPU
		{7A7FA4BB-073B-4510-9BF3-F80D6A139CC0}.Debug|Any CPU.Build.0 = Debug|Any CPU
		{7A7FA4BB-073B-4510-9BF3-F80D6A139CC0}.Release|Any CPU.ActiveCfg = Release|Any CPU
		{7A7FA4BB-073B-4510-9BF3-F80D6A139CC0}.Release|Any CPU.Build.0 = Release|Any CPU
	EndGlobalSection
	GlobalSection(SolutionProperties) = preSolution
		HideSolutionNode = FALSE
	EndGlobalSection
	GlobalSection(ExtensibilityGlobals) = postSolution
		SolutionGuid = {BBF99292-C714-43AE-AA9B-30F0349BC99A}
	EndGlobalSection
EndGlobal
